
Microsoft Visual Studio Solution File, Format Version 12.00
# Visual Studio Version 16
VisualStudioVersion = 16.0.31321.278
MinimumVisualStudioVersion = 10.0.40219.1
Project("{FAE04EC0-301F-11D3-BF4B-00C04F79EFBC}") = "Gerenciador.Aniversario.Entity", "Gerenciador.Aniversario.Entity\Gerenciador.Aniversario.Entity.csproj", "{8936F50D-DA6A-4422-BF76-B1D2751BCC4E}"
EndProject
Project("{FAE04EC0-301F-11D3-BF4B-00C04F79EFBC}") = "Gerenciador.Aniversario.Repository", "Gerenciador.Aniversario.Repository\Gerenciador.Aniversario.Repository.csproj", "{691FCDE1-0B35-40AB-AB50-43340868ADDB}"
EndProject
Project("{FAE04EC0-301F-11D3-BF4B-00C04F79EFBC}") = "ConsoleGerenciador", "ConsoleGerenciador\ConsoleGerenciador.csproj", "{F1342838-89AF-4BAB-A49E-8D8E4791B77F}"
EndProject
Global
	GlobalSection(SolutionConfigurationPlatforms) = preSolution
		Debug|Any CPU = Debug|Any CPU
		Release|Any CPU = Release|Any CPU
	EndGlobalSection
	GlobalSection(ProjectConfigurationPlatforms) = postSolution
		{8936F50D-DA6A-4422-BF76-B1D2751BCC4E}.Debug|Any CPU.ActiveCfg = Debug|Any CPU
		{8936F50D-DA6A-4422-BF76-B1D2751BCC4E}.Debug|Any CPU.Build.0 = Debug|Any CPU
		{8936F50D-DA6A-4422-BF76-B1D2751BCC4E}.Release|Any CPU.ActiveCfg = Release|Any CPU
		{8936F50D-DA6A-4422-BF76-B1D2751BCC4E}.Release|Any CPU.Build.0 = Release|Any CPU
		{691FCDE1-0B35-40AB-AB50-43340868ADDB}.Debug|Any CPU.ActiveCfg = Debug|Any CPU
		{691FCDE1-0B35-40AB-AB50-43340868ADDB}.Debug|Any CPU.Build.0 = Debug|Any CPU
		{691FCDE1-0B35-40AB-AB50-43340868ADDB}.Release|Any CPU.ActiveCfg = Release|Any CPU
		{691FCDE1-0B35-40AB-AB50-43340868ADDB}.Release|Any CPU.Build.0 = Release|Any CPU
		{F1342838-89AF-4BAB-A49E-8D8E4791B77F}.Debug|Any CPU.ActiveCfg = Debug|Any CPU
		{F1342838-89AF-4BAB-A49E-8D8E4791B77F}.Debug|Any CPU.Build.0 = Debug|Any CPU
		{F1342838-89AF-4BAB-A49E-8D8E4791B77F}.Release|Any CPU.ActiveCfg = Release|Any CPU
		{F1342838-89AF-4BAB-A49E-8D8E4791B77F}.Release|Any CPU.Build.0 = Release|Any CPU
	EndGlobalSection
	GlobalSection(SolutionProperties) = preSolution
		HideSolutionNode = FALSE
	EndGlobalSection
	GlobalSection(ExtensibilityGlobals) = postSolution
		SolutionGuid = {3EFC400F-70E5-4030-9FF1-73883903D6AB}
	EndGlobalSection
EndGlobal
